
Microsoft Visual Studio Solution File, Format Version 12.00
# Visual Studio 14
VisualStudioVersion = 14.0.25420.1
MinimumVisualStudioVersion = 10.0.40219.1
Project("{FAE04EC0-301F-11D3-BF4B-00C04F79EFBC}") = "TeduShop.Common", "TeduShop.Common\TeduShop.Common.csproj", "{EC059A07-0E99-4491-82F5-E7C6823D0C6D}"
EndProject
Project("{FAE04EC0-301F-11D3-BF4B-00C04F79EFBC}") = "TeduShop.Model", "TeduShop.Model\TeduShop.Model.csproj", "{B6E77FB0-7A8F-495D-AE83-FC264F567BAC}"
EndProject
Project("{FAE04EC0-301F-11D3-BF4B-00C04F79EFBC}") = "TeduShop.Data", "TeduShop.Data\TeduShop.Data.csproj", "{2AF8838E-B44B-4018-977E-FD55B513C1C3}"
EndProject
Project("{FAE04EC0-301F-11D3-BF4B-00C04F79EFBC}") = "TeduShop.Service", "TeduShop.Service\TeduShop.Service.csproj", "{F1DAA658-79AC-4939-998D-2615D87D5610}"
EndProject
Project("{FAE04EC0-301F-11D3-BF4B-00C04F79EFBC}") = "TeduShop.Web", "TeduShop.Web\TeduShop.Web.csproj", "{BB1B935D-EE4F-4270-A388-B5881A922BF9}"
EndProject
Project("{FAE04EC0-301F-11D3-BF4B-00C04F79EFBC}") = "TeduShop.UnitTest", "TeduShop.UnitTest\TeduShop.UnitTest.csproj", "{3E5D7290-16E6-43CD-8F64-FF22E0F4E8CE}"
EndProject
Global
	GlobalSection(SolutionConfigurationPlatforms) = preSolution
		Debug|Any CPU = Debug|Any CPU
		Release|Any CPU = Release|Any CPU
	EndGlobalSection
	GlobalSection(ProjectConfigurationPlatforms) = postSolution
		{EC059A07-0E99-4491-82F5-E7C6823D0C6D}.Debug|Any CPU.ActiveCfg = Debug|Any CPU
		{EC059A07-0E99-4491-82F5-E7C6823D0C6D}.Debug|Any CPU.Build.0 = Debug|Any CPU
		{EC059A07-0E99-4491-82F5-E7C6823D0C6D}.Release|Any CPU.ActiveCfg = Release|Any CPU
		{EC059A07-0E99-4491-82F5-E7C6823D0C6D}.Release|Any CPU.Build.0 = Release|Any CPU
		{B6E77FB0-7A8F-495D-AE83-FC264F567BAC}.Debug|Any CPU.ActiveCfg = Debug|Any CPU
		{B6E77FB0-7A8F-495D-AE83-FC264F567BAC}.Debug|Any CPU.Build.0 = Debug|Any CPU
		{B6E77FB0-7A8F-495D-AE83-FC264F567BAC}.Release|Any CPU.ActiveCfg = Release|Any CPU
		{B6E77FB0-7A8F-495D-AE83-FC264F567BAC}.Release|Any CPU.Build.0 = Release|Any CPU
		{2AF8838E-B44B-4018-977E-FD55B513C1C3}.Debug|Any CPU.ActiveCfg = Debug|Any CPU
		{2AF8838E-B44B-4018-977E-FD55B513C1C3}.Debug|Any CPU.Build.0 = Debug|Any CPU
		{2AF8838E-B44B-4018-977E-FD55B513C1C3}.Release|Any CPU.ActiveCfg = Release|Any CPU
		{2AF8838E-B44B-4018-977E-FD55B513C1C3}.Release|Any CPU.Build.0 = Release|Any CPU
		{F1DAA658-79AC-4939-998D-2615D87D5610}.Debug|Any CPU.ActiveCfg = Debug|Any CPU
		{F1DAA658-79AC-4939-998D-2615D87D5610}.Debug|Any CPU.Build.0 = Debug|Any CPU
		{F1DAA658-79AC-4939-998D-2615D87D5610}.Release|Any CPU.ActiveCfg = Release|Any CPU
		{F1DAA658-79AC-4939-998D-2615D87D5610}.Release|Any CPU.Build.0 = Release|Any CPU
		{BB1B935D-EE4F-4270-A388-B5881A922BF9}.Debug|Any CPU.ActiveCfg = Debug|Any CPU
		{BB1B935D-EE4F-4270-A388-B5881A922BF9}.Debug|Any CPU.Build.0 = Debug|Any CPU
		{BB1B935D-EE4F-4270-A388-B5881A922BF9}.Release|Any CPU.ActiveCfg = Release|Any CPU
		{BB1B935D-EE4F-4270-A388-B5881A922BF9}.Release|Any CPU.Build.0 = Release|Any CPU
		{3E5D7290-16E6-43CD-8F64-FF22E0F4E8CE}.Debug|Any CPU.ActiveCfg = Debug|Any CPU
		{3E5D7290-16E6-43CD-8F64-FF22E0F4E8CE}.Debug|Any CPU.Build.0 = Debug|Any CPU
		{3E5D7290-16E6-43CD-8F64-FF22E0F4E8CE}.Release|Any CPU.ActiveCfg = Release|Any CPU
		{3E5D7290-16E6-43CD-8F64-FF22E0F4E8CE}.Release|Any CPU.Build.0 = Release|Any CPU
	EndGlobalSection
	GlobalSection(SolutionProperties) = preSolution
		HideSolutionNode = FALSE
	EndGlobalSection
EndGlobal
